// !$*UTF8*$!
{
	archiveVersion = 1;
	classes = {
	};
	objectVersion = 46;
	objects = {

/* Begin PBXBuildFile section */
		DC5920D91B8817380027AB20 /* libopencv_core.3.0.0.dylib in Frameworks */ = {isa = PBXBuildFile; fileRef = DC5920D71B8817380027AB20 /* libopencv_core.3.0.0.dylib */; };
		DC5920DA1B8817380027AB20 /* libopencv_highgui.3.0.0.dylib in Frameworks */ = {isa = PBXBuildFile; fileRef = DC5920D81B8817380027AB20 /* libopencv_highgui.3.0.0.dylib */; };
		DC5920EB1B8817C50027AB20 /* libopencv_calib3d.3.0.0.dylib in Frameworks */ = {isa = PBXBuildFile; fileRef = DC5920DB1B8817C50027AB20 /* libopencv_calib3d.3.0.0.dylib */; };
		DC5920EC1B8817C50027AB20 /* libopencv_features2d.3.0.0.dylib in Frameworks */ = {isa = PBXBuildFile; fileRef = DC5920DC1B8817C50027AB20 /* libopencv_features2d.3.0.0.dylib */; };
		DC5920ED1B8817C50027AB20 /* libopencv_flann.3.0.0.dylib in Frameworks */ = {isa = PBXBuildFile; fileRef = DC5920DD1B8817C50027AB20 /* libopencv_flann.3.0.0.dylib */; };
		DC5920EE1B8817C50027AB20 /* libopencv_hal.a in Frameworks */ = {isa = PBXBuildFile; fileRef = DC5920DE1B8817C50027AB20 /* libopencv_hal.a */; };
		DC5920EF1B8817C50027AB20 /* libopencv_imgcodecs.3.0.0.dylib in Frameworks */ = {isa = PBXBuildFile; fileRef = DC5920DF1B8817C50027AB20 /* libopencv_imgcodecs.3.0.0.dylib */; };
		DC5920F01B8817C50027AB20 /* libopencv_imgproc.3.0.0.dylib in Frameworks */ = {isa = PBXBuildFile; fileRef = DC5920E01B8817C50027AB20 /* libopencv_imgproc.3.0.0.dylib */; };
		DC5920F11B8817C50027AB20 /* libopencv_ml.3.0.0.dylib in Frameworks */ = {isa = PBXBuildFile; fileRef = DC5920E11B8817C50027AB20 /* libopencv_ml.3.0.0.dylib */; };
		DC5920F21B8817C50027AB20 /* libopencv_objdetect.3.0.0.dylib in Frameworks */ = {isa = PBXBuildFile; fileRef = DC5920E21B8817C50027AB20 /* libopencv_objdetect.3.0.0.dylib */; };
		DC5920F31B8817C50027AB20 /* libopencv_photo.3.0.0.dylib in Frameworks */ = {isa = PBXBuildFile; fileRef = DC5920E31B8817C50027AB20 /* libopencv_photo.3.0.0.dylib */; };
		DC5920F41B8817C50027AB20 /* libopencv_shape.3.0.0.dylib in Frameworks */ = {isa = PBXBuildFile; fileRef = DC5920E41B8817C50027AB20 /* libopencv_shape.3.0.0.dylib */; };
		DC5920F51B8817C50027AB20 /* libopencv_stitching.3.0.0.dylib in Frameworks */ = {isa = PBXBuildFile; fileRef = DC5920E51B8817C50027AB20 /* libopencv_stitching.3.0.0.dylib */; };
		DC5920F61B8817C50027AB20 /* libopencv_superres.3.0.0.dylib in Frameworks */ = {isa = PBXBuildFile; fileRef = DC5920E61B8817C50027AB20 /* libopencv_superres.3.0.0.dylib */; };
		DC5920F71B8817C50027AB20 /* libopencv_ts.a in Frameworks */ = {isa = PBXBuildFile; fileRef = DC5920E71B8817C50027AB20 /* libopencv_ts.a */; };
		DC5920F81B8817C50027AB20 /* libopencv_video.3.0.0.dylib in Frameworks */ = {isa = PBXBuildFile; fileRef = DC5920E81B8817C50027AB20 /* libopencv_video.3.0.0.dylib */; };
		DC5920F91B8817C50027AB20 /* libopencv_videoio.3.0.0.dylib in Frameworks */ = {isa = PBXBuildFile; fileRef = DC5920E91B8817C50027AB20 /* libopencv_videoio.3.0.0.dylib */; };
		DC5920FA1B8817C50027AB20 /* libopencv_videostab.3.0.0.dylib in Frameworks */ = {isa = PBXBuildFile; fileRef = DC5920EA1B8817C50027AB20 /* libopencv_videostab.3.0.0.dylib */; };
		DC98A75D1B880C87001FD337 /* main.cpp in Sources */ = {isa = PBXBuildFile; fileRef = DC98A75C1B880C87001FD337 /* main.cpp */; };
/* End PBXBuildFile section */

/* Begin PBXCopyFilesBuildPhase section */
		DC98A7571B880C87001FD337 /* CopyFiles */ = {
			isa = PBXCopyFilesBuildPhase;
			buildActionMask = 2147483647;
			dstPath = /usr/share/man/man1/;
			dstSubfolderSpec = 0;
			files = (
			);
			runOnlyForDeploymentPostprocessing = 1;
		};
/* End PBXCopyFilesBuildPhase section */

/* Begin PBXFileReference section */
		DC5920D71B8817380027AB20 /* libopencv_core.3.0.0.dylib */ = {isa = PBXFileReference; lastKnownFileType = "compiled.mach-o.dylib"; name = libopencv_core.3.0.0.dylib; path = ../../../../../usr/local/lib/libopencv_core.3.0.0.dylib; sourceTree = "<group>"; };
		DC5920D81B8817380027AB20 /* libopencv_highgui.3.0.0.dylib */ = {isa = PBXFileReference; lastKnownFileType = "compiled.mach-o.dylib"; name = libopencv_highgui.3.0.0.dylib; path = ../../../../../usr/local/lib/libopencv_highgui.3.0.0.dylib; sourceTree = "<group>"; };
		DC5920DB1B8817C50027AB20 /* libopencv_calib3d.3.0.0.dylib */ = {isa = PBXFileReference; lastKnownFileType = "compiled.mach-o.dylib"; name = libopencv_calib3d.3.0.0.dylib; path = ../../../../../usr/local/lib/libopencv_calib3d.3.0.0.dylib; sourceTree = "<group>"; };
		DC5920DC1B8817C50027AB20 /* libopencv_features2d.3.0.0.dylib */ = {isa = PBXFileReference; lastKnownFileType = "compiled.mach-o.dylib"; name = libopencv_features2d.3.0.0.dylib; path = ../../../../../usr/local/lib/libopencv_features2d.3.0.0.dylib; sourceTree = "<group>"; };
		DC5920DD1B8817C50027AB20 /* libopencv_flann.3.0.0.dylib */ = {isa = PBXFileReference; lastKnownFileType = "compiled.mach-o.dylib"; name = libopencv_flann.3.0.0.dylib; path = ../../../../../usr/local/lib/libopencv_flann.3.0.0.dylib; sourceTree = "<group>"; };
		DC5920DE1B8817C50027AB20 /* libopencv_hal.a */ = {isa = PBXFileReference; lastKnownFileType = archive.ar; name = libopencv_hal.a; path = ../../../../../usr/local/lib/libopencv_hal.a; sourceTree = "<group>"; };
		DC5920DF1B8817C50027AB20 /* libopencv_imgcodecs.3.0.0.dylib */ = {isa = PBXFileReference; lastKnownFileType = "compiled.mach-o.dylib"; name = libopencv_imgcodecs.3.0.0.dylib; path = ../../../../../usr/local/lib/libopencv_imgcodecs.3.0.0.dylib; sourceTree = "<group>"; };
		DC5920E01B8817C50027AB20 /* libopencv_imgproc.3.0.0.dylib */ = {isa = PBXFileReference; lastKnownFileType = "compiled.mach-o.dylib"; name = libopencv_imgproc.3.0.0.dylib; path = ../../../../../usr/local/lib/libopencv_imgproc.3.0.0.dylib; sourceTree = "<group>"; };
		DC5920E11B8817C50027AB20 /* libopencv_ml.3.0.0.dylib */ = {isa = PBXFileReference; lastKnownFileType = "compiled.mach-o.dylib"; name = libopencv_ml.3.0.0.dylib; path = ../../../../../usr/local/lib/libopencv_ml.3.0.0.dylib; sourceTree = "<group>"; };
		DC5920E21B8817C50027AB20 /* libopencv_objdetect.3.0.0.dylib */ = {isa = PBXFileReference; lastKnownFileType = "compiled.mach-o.dylib"; name = libopencv_objdetect.3.0.0.dylib; path = ../../../../../usr/local/lib/libopencv_objdetect.3.0.0.dylib; sourceTree = "<group>"; };
		DC5920E31B8817C50027AB20 /* libopencv_photo.3.0.0.dylib */ = {isa = PBXFileReference; lastKnownFileType = "compiled.mach-o.dylib"; name = libopencv_photo.3.0.0.dylib; path = ../../../../../usr/local/lib/libopencv_photo.3.0.0.dylib; sourceTree = "<group>"; };
		DC5920E41B8817C50027AB20 /* libopencv_shape.3.0.0.dylib */ = {isa = PBXFileReference; lastKnownFileType = "compiled.mach-o.dylib"; name = libopencv_shape.3.0.0.dylib; path = ../../../../../usr/local/lib/libopencv_shape.3.0.0.dylib; sourceTree = "<group>"; };
		DC5920E51B8817C50027AB20 /* libopencv_stitching.3.0.0.dylib */ = {isa = PBXFileReference; lastKnownFileType = "compiled.mach-o.dylib"; name = libopencv_stitching.3.0.0.dylib; path = ../../../../../usr/local/lib/libopencv_stitching.3.0.0.dylib; sourceTree = "<group>"; };
		DC5920E61B8817C50027AB20 /* libopencv_superres.3.0.0.dylib */ = {isa = PBXFileReference; lastKnownFileType = "compiled.mach-o.dylib"; name = libopencv_superres.3.0.0.dylib; path = ../../../../../usr/local/lib/libopencv_superres.3.0.0.dylib; sourceTree = "<group>"; };
		DC5920E71B8817C50027AB20 /* libopencv_ts.a */ = {isa = PBXFileReference; lastKnownFileType = archive.ar; name = libopencv_ts.a; path = ../../../../../usr/local/lib/libopencv_ts.a; sourceTree = "<group>"; };
		DC5920E81B8817C50027AB20 /* libopencv_video.3.0.0.dylib */ = {isa = PBXFileReference; lastKnownFileType = "compiled.mach-o.dylib"; name = libopencv_video.3.0.0.dylib; path = ../../../../../usr/local/lib/libopencv_video.3.0.0.dylib; sourceTree = "<group>"; };
		DC5920E91B8817C50027AB20 /* libopencv_videoio.3.0.0.dylib */ = {isa = PBXFileReference; lastKnownFileType = "compiled.mach-o.dylib"; name = libopencv_videoio.3.0.0.dylib; path = ../../../../../usr/local/lib/libopencv_videoio.3.0.0.dylib; sourceTree = "<group>"; };
		DC5920EA1B8817C50027AB20 /* libopencv_videostab.3.0.0.dylib */ = {isa = PBXFileReference; lastKnownFileType = "compiled.mach-o.dylib"; name = libopencv_videostab.3.0.0.dylib; path = ../../../../../usr/local/lib/libopencv_videostab.3.0.0.dylib; sourceTree = "<group>"; };
		DC98A7591B880C87001FD337 /* learnCV */ = {isa = PBXFileReference; explicitFileType = "compiled.mach-o.executable"; includeInIndex = 0; path = learnCV; sourceTree = BUILT_PRODUCTS_DIR; };
		DC98A75C1B880C87001FD337 /* main.cpp */ = {isa = PBXFileReference; lastKnownFileType = sourcecode.cpp.cpp; path = main.cpp; sourceTree = "<group>"; };
/* End PBXFileReference section */

/* Begin PBXFrameworksBuildPhase section */
		DC98A7561B880C87001FD337 /* Frameworks */ = {
			isa = PBXFrameworksBuildPhase;
			buildActionMask = 2147483647;
			files = (
				DC5920FA1B8817C50027AB20 /* libopencv_videostab.3.0.0.dylib in Frameworks */,
				DC5920EB1B8817C50027AB20 /* libopencv_calib3d.3.0.0.dylib in Frameworks */,
				DC5920F61B8817C50027AB20 /* libopencv_superres.3.0.0.dylib in Frameworks */,
				DC5920F91B8817C50027AB20 /* libopencv_videoio.3.0.0.dylib in Frameworks */,
				DC5920F81B8817C50027AB20 /* libopencv_video.3.0.0.dylib in Frameworks */,
				DC5920F21B8817C50027AB20 /* libopencv_objdetect.3.0.0.dylib in Frameworks */,
				DC5920DA1B8817380027AB20 /* libopencv_highgui.3.0.0.dylib in Frameworks */,
				DC5920EE1B8817C50027AB20 /* libopencv_hal.a in Frameworks */,
				DC5920F41B8817C50027AB20 /* libopencv_shape.3.0.0.dylib in Frameworks */,
				DC5920F11B8817C50027AB20 /* libopencv_ml.3.0.0.dylib in Frameworks */,
				DC5920ED1B8817C50027AB20 /* libopencv_flann.3.0.0.dylib in Frameworks */,
				DC5920F51B8817C50027AB20 /* libopencv_stitching.3.0.0.dylib in Frameworks */,
				DC5920EF1B8817C50027AB20 /* libopencv_imgcodecs.3.0.0.dylib in Frameworks */,
				DC5920EC1B8817C50027AB20 /* libopencv_features2d.3.0.0.dylib in Frameworks */,
				DC5920F71B8817C50027AB20 /* libopencv_ts.a in Frameworks */,
				DC5920F31B8817C50027AB20 /* libopencv_photo.3.0.0.dylib in Frameworks */,
				DC5920F01B8817C50027AB20 /* libopencv_imgproc.3.0.0.dylib in Frameworks */,
				DC5920D91B8817380027AB20 /* libopencv_core.3.0.0.dylib in Frameworks */,
			);
			runOnlyForDeploymentPostprocessing = 0;
		};
/* End PBXFrameworksBuildPhase section */

/* Begin PBXGroup section */
		DC5920D61B8815FE0027AB20 /* libs */ = {
			isa = PBXGroup;
			children = (
				DC5920DB1B8817C50027AB20 /* libopencv_calib3d.3.0.0.dylib */,
				DC5920DC1B8817C50027AB20 /* libopencv_features2d.3.0.0.dylib */,
				DC5920DD1B8817C50027AB20 /* libopencv_flann.3.0.0.dylib */,
				DC5920DE1B8817C50027AB20 /* libopencv_hal.a */,
				DC5920DF1B8817C50027AB20 /* libopencv_imgcodecs.3.0.0.dylib */,
				DC5920E01B8817C50027AB20 /* libopencv_imgproc.3.0.0.dylib */,
				DC5920E11B8817C50027AB20 /* libopencv_ml.3.0.0.dylib */,
				DC5920E21B8817C50027AB20 /* libopencv_objdetect.3.0.0.dylib */,
				DC5920E31B8817C50027AB20 /* libopencv_photo.3.0.0.dylib */,
				DC5920E41B8817C50027AB20 /* libopencv_shape.3.0.0.dylib */,
				DC5920E51B8817C50027AB20 /* libopencv_stitching.3.0.0.dylib */,
				DC5920E61B8817C50027AB20 /* libopencv_superres.3.0.0.dylib */,
				DC5920E71B8817C50027AB20 /* libopencv_ts.a */,
				DC5920E81B8817C50027AB20 /* libopencv_video.3.0.0.dylib */,
				DC5920E91B8817C50027AB20 /* libopencv_videoio.3.0.0.dylib */,
				DC5920EA1B8817C50027AB20 /* libopencv_videostab.3.0.0.dylib */,
				DC5920D71B8817380027AB20 /* libopencv_core.3.0.0.dylib */,
				DC5920D81B8817380027AB20 /* libopencv_highgui.3.0.0.dylib */,
			);
			name = libs;
			path = ..;
			sourceTree = "<group>";
		};
		DC98A7501B880C87001FD337 = {
			isa = PBXGroup;
			children = (
				DC98A75B1B880C87001FD337 /* learnCV */,
				DC98A75A1B880C87001FD337 /* Products */,
			);
			sourceTree = "<group>";
		};
		DC98A75A1B880C87001FD337 /* Products */ = {
			isa = PBXGroup;
			children = (
				DC98A7591B880C87001FD337 /* learnCV */,
			);
			name = Products;
			sourceTree = "<group>";
		};
		DC98A75B1B880C87001FD337 /* learnCV */ = {
			isa = PBXGroup;
			children = (
				DC5920D61B8815FE0027AB20 /* libs */,
				DC98A75C1B880C87001FD337 /* main.cpp */,
			);
			path = learnCV;
			sourceTree = "<group>";
		};
/* End PBXGroup section */

/* Begin PBXNativeTarget section */
		DC98A7581B880C87001FD337 /* learnCV */ = {
			isa = PBXNativeTarget;
			buildConfigurationList = DC98A7601B880C87001FD337 /* Build configuration list for PBXNativeTarget "learnCV" */;
			buildPhases = (
				DC98A7551B880C87001FD337 /* Sources */,
				DC98A7561B880C87001FD337 /* Frameworks */,
				DC98A7571B880C87001FD337 /* CopyFiles */,
			);
			buildRules = (
			);
			dependencies = (
			);
			name = learnCV;
			productName = learnCV;
			productReference = DC98A7591B880C87001FD337 /* learnCV */;
			productType = "com.apple.product-type.tool";
		};
/* End PBXNativeTarget section */

/* Begin PBXProject section */
		DC98A7511B880C87001FD337 /* Project object */ = {
			isa = PBXProject;
			attributes = {
				LastUpgradeCheck = 0640;
				ORGANIZATIONNAME = "Kingo Wang";
				TargetAttributes = {
					DC98A7581B880C87001FD337 = {
						CreatedOnToolsVersion = 6.4;
					};
				};
			};
			buildConfigurationList = DC98A7541B880C87001FD337 /* Build configuration list for PBXProject "learnCV" */;
			compatibilityVersion = "Xcode 3.2";
			developmentRegion = English;
			hasScannedForEncodings = 0;
			knownRegions = (
				en,
			);
			mainGroup = DC98A7501B880C87001FD337;
			productRefGroup = DC98A75A1B880C87001FD337 /* Products */;
			projectDirPath = "";
			projectRoot = "";
			targets = (
				DC98A7581B880C87001FD337 /* learnCV */,
			);
		};
/* End PBXProject section */

/* Begin PBXSourcesBuildPhase section */
		DC98A7551B880C87001FD337 /* Sources */ = {
			isa = PBXSourcesBuildPhase;
			buildActionMask = 2147483647;
			files = (
				DC98A75D1B880C87001FD337 /* main.cpp in Sources */,
			);
			runOnlyForDeploymentPostprocessing = 0;
		};
/* End PBXSourcesBuildPhase section */

/* Begin XCBuildConfiguration section */
		DC98A75E1B880C87001FD337 /* Debug */ = {
			isa = XCBuildConfiguration;
			buildSettings = {
				ALWAYS_SEARCH_USER_PATHS = NO;
				CLANG_CXX_LANGUAGE_STANDARD = "gnu++0x";
				CLANG_CXX_LIBRARY = "libc++";
				CLANG_ENABLE_MODULES = YES;
				CLANG_ENABLE_OBJC_ARC = YES;
				CLANG_WARN_BOOL_CONVERSION = YES;
				CLANG_WARN_CONSTANT_CONVERSION = YES;
				CLANG_WARN_DIRECT_OBJC_ISA_USAGE = YES_ERROR;
				CLANG_WARN_EMPTY_BODY = YES;
				CLANG_WARN_ENUM_CONVERSION = YES;
				CLANG_WARN_INT_CONVERSION = YES;
				CLANG_WARN_OBJC_ROOT_CLASS = YES_ERROR;
				CLANG_WARN_UNREACHABLE_CODE = YES;
				CLANG_WARN__DUPLICATE_METHOD_MATCH = YES;
				COPY_PHASE_STRIP = NO;
				DEBUG_INFORMATION_FORMAT = dwarf;
				ENABLE_STRICT_OBJC_MSGSEND = YES;
				GCC_C_LANGUAGE_STANDARD = gnu99;
				GCC_DYNAMIC_NO_PIC = NO;
				GCC_NO_COMMON_BLOCKS = YES;
				GCC_OPTIMIZATION_LEVEL = 0;
				GCC_PREPROCESSOR_DEFINITIONS = (
					"DEBUG=1",
					"$(inherited)",
				);
				GCC_SYMBOLS_PRIVATE_EXTERN = NO;
				GCC_WARN_64_TO_32_BIT_CONVERSION = YES;
				GCC_WARN_ABOUT_RETURN_TYPE = YES_ERROR;
				GCC_WARN_UNDECLARED_SELECTOR = YES;
				GCC_WARN_UNINITIALIZED_AUTOS = YES_AGGRESSIVE;
				GCC_WARN_UNUSED_FUNCTION = YES;
				GCC_WARN_UNUSED_VARIABLE = YES;
				MACOSX_DEPLOYMENT_TARGET = 10.10;
				MTL_ENABLE_DEBUG_INFO = YES;
				ONLY_ACTIVE_ARCH = YES;
				SDKROOT = macosx;
			};
			name = Debug;
		};
		DC98A75F1B880C87001FD337 /* Release */ = {
			isa = XCBuildConfiguration;
			buildSettings = {
				ALWAYS_SEARCH_USER_PATHS = NO;
				CLANG_CXX_LANGUAGE_STANDARD = "gnu++0x";
				CLANG_CXX_LIBRARY = "libc++";
				CLANG_ENABLE_MODULES = YES;
				CLANG_ENABLE_OBJC_ARC = YES;
				CLANG_WARN_BOOL_CONVERSION = YES;
				CLANG_WARN_CONSTANT_CONVERSION = YES;
				CLANG_WARN_DIRECT_OBJC_ISA_USAGE = YES_ERROR;
				CLANG_WARN_EMPTY_BODY = YES;
				CLANG_WARN_ENUM_CONVERSION = YES;
				CLANG_WARN_INT_CONVERSION = YES;
				CLANG_WARN_OBJC_ROOT_CLASS = YES_ERROR;
				CLANG_WARN_UNREACHABLE_CODE = YES;
				CLANG_WARN__DUPLICATE_METHOD_MATCH = YES;
				COPY_PHASE_STRIP = NO;
				DEBUG_INFORMATION_FORMAT = "dwarf-with-dsym";
				ENABLE_NS_ASSERTIONS = NO;
				ENABLE_STRICT_OBJC_MSGSEND = YES;
				GCC_C_LANGUAGE_STANDARD = gnu99;
				GCC_NO_COMMON_BLOCKS = YES;
				GCC_WARN_64_TO_32_BIT_CONVERSION = YES;
				GCC_WARN_ABOUT_RETURN_TYPE = YES_ERROR;
				GCC_WARN_UNDECLARED_SELECTOR = YES;
				GCC_WARN_UNINITIALIZED_AUTOS = YES_AGGRESSIVE;
				GCC_WARN_UNUSED_FUNCTION = YES;
				GCC_WARN_UNUSED_VARIABLE = YES;
				MACOSX_DEPLOYMENT_TARGET = 10.10;
				MTL_ENABLE_DEBUG_INFO = NO;
				SDKROOT = macosx;
			};
			name = Release;
		};
		DC98A7611B880C87001FD337 /* Debug */ = {
			isa = XCBuildConfiguration;
			buildSettings = {
				HEADER_SEARCH_PATHS = (
					"$(inherited)",
					/Applications/Xcode.app/Contents/Developer/Toolchains/XcodeDefault.xctoolchain/usr/include,
					/usr/local/include,
				);
				LIBRARY_SEARCH_PATHS = /usr/local/lib;
				PRODUCT_NAME = "$(TARGET_NAME)";
			};
			name = Debug;
		};
		DC98A7621B880C87001FD337 /* Release */ = {
			isa = XCBuildConfiguration;
			buildSettings = {
				HEADER_SEARCH_PATHS = (
					"$(inherited)",
					/Applications/Xcode.app/Contents/Developer/Toolchains/XcodeDefault.xctoolchain/usr/include,
					/usr/local/include,
				);
				LIBRARY_SEARCH_PATHS = /usr/local/lib;
				PRODUCT_NAME = "$(TARGET_NAME)";
			};
			name = Release;
		};
/* End XCBuildConfiguration section */

/* Begin XCConfigurationList section */
		DC98A7541B880C87001FD337 /* Build configuration list for PBXProject "learnCV" */ = {
			isa = XCConfigurationList;
			buildConfigurations = (
				DC98A75E1B880C87001FD337 /* Debug */,
				DC98A75F1B880C87001FD337 /* Release */,
			);
			defaultConfigurationIsVisible = 0;
			defaultConfigurationName = Release;
		};
		DC98A7601B880C87001FD337 /* Build configuration list for PBXNativeTarget "learnCV" */ = {
			isa = XCConfigurationList;
			buildConfigurations = (
				DC98A7611B880C87001FD337 /* Debug */,
				DC98A7621B880C87001FD337 /* Release */,
			);
			defaultConfigurationIsVisible = 0;
			defaultConfigurationName = Release;
		};
/* End XCConfigurationList section */
	};
	rootObject = DC98A7511B880C87001FD337 /* Project object */;
}
